
Microsoft Visual Studio Solution File, Format Version 12.00
# Visual Studio 15
VisualStudioVersion = 15.0.26124.0
MinimumVisualStudioVersion = 15.0.26124.0
Project("{FAE04EC0-301F-11D3-BF4B-00C04F79EFBC}") = "Text", "Text\Text.csproj", "{B439683D-F158-4295-9A3A-D7A84915322E}"
EndProject
Project("{FAE04EC0-301F-11D3-BF4B-00C04F79EFBC}") = "Text.Tests", "Text.Tests\Text.Tests.csproj", "{86FDE582-79EB-440F-B3A0-E47E7E54AD3C}"
EndProject
Global
	GlobalSection(SolutionConfigurationPlatforms) = preSolution
		Debug|Any CPU = Debug|Any CPU
		Debug|x64 = Debug|x64
		Debug|x86 = Debug|x86
		Release|Any CPU = Release|Any CPU
		Release|x64 = Release|x64
		Release|x86 = Release|x86
	EndGlobalSection
	GlobalSection(SolutionProperties) = preSolution
		HideSolutionNode = FALSE
	EndGlobalSection
	GlobalSection(ProjectConfigurationPlatforms) = postSolution
		{B439683D-F158-4295-9A3A-D7A84915322E}.Debug|Any CPU.ActiveCfg = Debug|Any CPU
		{B439683D-F158-4295-9A3A-D7A84915322E}.Debug|Any CPU.Build.0 = Debug|Any CPU
		{B439683D-F158-4295-9A3A-D7A84915322E}.Debug|x64.ActiveCfg = Debug|Any CPU
		{B439683D-F158-4295-9A3A-D7A84915322E}.Debug|x64.Build.0 = Debug|Any CPU
		{B439683D-F158-4295-9A3A-D7A84915322E}.Debug|x86.ActiveCfg = Debug|Any CPU
		{B439683D-F158-4295-9A3A-D7A84915322E}.Debug|x86.Build.0 = Debug|Any CPU
		{B439683D-F158-4295-9A3A-D7A84915322E}.Release|Any CPU.ActiveCfg = Release|Any CPU
		{B439683D-F158-4295-9A3A-D7A84915322E}.Release|Any CPU.Build.0 = Release|Any CPU
		{B439683D-F158-4295-9A3A-D7A84915322E}.Release|x64.ActiveCfg = Release|Any CPU
		{B439683D-F158-4295-9A3A-D7A84915322E}.Release|x64.Build.0 = Release|Any CPU
		{B439683D-F158-4295-9A3A-D7A84915322E}.Release|x86.ActiveCfg = Release|Any CPU
		{B439683D-F158-4295-9A3A-D7A84915322E}.Release|x86.Build.0 = Release|Any CPU
		{86FDE582-79EB-440F-B3A0-E47E7E54AD3C}.Debug|Any CPU.ActiveCfg = Debug|Any CPU
		{86FDE582-79EB-440F-B3A0-E47E7E54AD3C}.Debug|Any CPU.Build.0 = Debug|Any CPU
		{86FDE582-79EB-440F-B3A0-E47E7E54AD3C}.Debug|x64.ActiveCfg = Debug|Any CPU
		{86FDE582-79EB-440F-B3A0-E47E7E54AD3C}.Debug|x64.Build.0 = Debug|Any CPU
		{86FDE582-79EB-440F-B3A0-E47E7E54AD3C}.Debug|x86.ActiveCfg = Debug|Any CPU
		{86FDE582-79EB-440F-B3A0-E47E7E54AD3C}.Debug|x86.Build.0 = Debug|Any CPU
		{86FDE582-79EB-440F-B3A0-E47E7E54AD3C}.Release|Any CPU.ActiveCfg = Release|Any CPU
		{86FDE582-79EB-440F-B3A0-E47E7E54AD3C}.Release|Any CPU.Build.0 = Release|Any CPU
		{86FDE582-79EB-440F-B3A0-E47E7E54AD3C}.Release|x64.ActiveCfg = Release|Any CPU
		{86FDE582-79EB-440F-B3A0-E47E7E54AD3C}.Release|x64.Build.0 = Release|Any CPU
		{86FDE582-79EB-440F-B3A0-E47E7E54AD3C}.Release|x86.ActiveCfg = Release|Any CPU
		{86FDE582-79EB-440F-B3A0-E47E7E54AD3C}.Release|x86.Build.0 = Release|Any CPU
	EndGlobalSection
EndGlobal
